# THIS IS AN AUTOGENERATED FILE. DO NOT EDIT THIS FILE DIRECTLY.
# yarn lockfile v1


"@babel/runtime@^7.12.5":
  version "7.24.4"
  resolved "https://registry.npmjs.org/@babel/runtime/-/runtime-7.24.4.tgz"
  integrity sha512-dkxf7+hn8mFBwKjs9bvBlArzLVxVbS8usaPUDd5p2a9JCL9tB8OaOVN1isD4+Xyk4ns89/xeOmbQvgdK7IIVdA==
  dependencies:
    regenerator-runtime "^0.14.0"

"@matrix-org/matrix-sdk-crypto-wasm@^4.6.0":
  version "4.9.0"
  resolved "https://registry.npmjs.org/@matrix-org/matrix-sdk-crypto-wasm/-/matrix-sdk-crypto-wasm-4.9.0.tgz"
  integrity sha512-/bgA4QfE7qkK6GFr9hnhjAvRSebGrmEJxukU0ukbudZcYvbzymoBBM8j3HeULXZT8kbw8WH6z63txYTMCBSDOA==

"@types/events@^3.0.0":
  version "3.0.3"
  resolved "https://registry.npmjs.org/@types/events/-/events-3.0.3.tgz"
  integrity sha512-trOc4AAUThEz9hapPtSd7wf5tiQKvTtu5b371UxXdTuqzIh0ArcRspRP0i0Viu+LXstIQ1z96t1nsPxT9ol01g==

"@types/retry@0.12.0":
  version "0.12.0"
  resolved "https://registry.npmjs.org/@types/retry/-/retry-0.12.0.tgz"
  integrity sha512-wWKOClTTiizcZhXnPY4wikVAwmdYHp8q6DmC+EJUzAMsycb7HB32Kh9RN4+0gExjmPmZSAQjgURXIGATPegAvA==

another-json@^0.2.0:
  version "0.2.0"
  resolved "https://registry.npmjs.org/another-json/-/another-json-0.2.0.tgz"
  integrity sha512-/Ndrl68UQLhnCdsAzEXLMFuOR546o2qbYRqCglaNHbjXrwG1ayTcdwr3zkSGOGtGXDyR5X9nCFfnyG2AFJIsqg==

base-x@^4.0.0:
  version "4.0.0"
  resolved "https://registry.npmjs.org/base-x/-/base-x-4.0.0.tgz"
  integrity sha512-FuwxlW4H5kh37X/oW59pwTzzTKRzfrrQwhmyspRM7swOEZcHtDZSCt45U6oKgtuFE+WYPblePMVIPR4RZrh/hw==

bs58@^5.0.0:
  version "5.0.0"
  resolved "https://registry.npmjs.org/bs58/-/bs58-5.0.0.tgz"
  integrity sha512-r+ihvQJvahgYT50JD05dyJNKlmmSlMoOGwn1lCcEzanPglg7TxYjioQUYehQ9mAR/+hOSd2jRc/Z2y5UxBymvQ==
  dependencies:
    base-x "^4.0.0"

cli-color@^2.0.4:
  version "2.0.4"
  resolved "https://registry.npmjs.org/cli-color/-/cli-color-2.0.4.tgz"
  integrity sha512-zlnpg0jNcibNrO7GG9IeHH7maWFeCz+Ja1wx/7tZNU5ASSSSZ+/qZciM0/LHCYxSdqv5h2sdbQ/PXYdOuetXvA==
  dependencies:
    d "^1.0.1"
    es5-ext "^0.10.64"
    es6-iterator "^2.0.3"
    memoizee "^0.4.15"
    timers-ext "^0.1.7"

content-type@^1.0.4:
  version "1.0.5"
  resolved "https://registry.npmjs.org/content-type/-/content-type-1.0.5.tgz"
  integrity sha512-nTjqfcBFEipKdXCv4YDQWCfmcLZKm81ldF0pAopTvyrFGVbcR6P/VAAd5G7N+0tTr8QqiU0tFadD6FK4NtJwOA==

d@^1.0.1, d@^1.0.2, d@1:
  version "1.0.2"
  resolved "https://registry.npmjs.org/d/-/d-1.0.2.tgz"
  integrity sha512-MOqHvMWF9/9MX6nza0KgvFH4HpMU0EF5uUDXqX/BtxtU8NfB0QzRtJ8Oe/6SuS4kbhyzVJwjd97EA4PKrzJ8bw==
  dependencies:
    es5-ext "^0.10.64"
    type "^2.7.2"

es5-ext@^0.10.35, es5-ext@^0.10.46, es5-ext@^0.10.53, es5-ext@^0.10.62, es5-ext@^0.10.64, es5-ext@~0.10.14, es5-ext@~0.10.2, es5-ext@~0.10.46:
  version "0.10.64"
  resolved "https://registry.npmjs.org/es5-ext/-/es5-ext-0.10.64.tgz"
  integrity sha512-p2snDhiLaXe6dahss1LddxqEm+SkuDvV8dnIQG0MWjyHpcMNfXKPE+/Cc0y+PhxJX3A4xGNeFCj5oc0BUh6deg==
  dependencies:
    es6-iterator "^2.0.3"
    es6-symbol "^3.1.3"
    esniff "^2.0.1"
    next-tick "^1.1.0"

es6-iterator@^2.0.3:
  version "2.0.3"
  resolved "https://registry.npmjs.org/es6-iterator/-/es6-iterator-2.0.3.tgz"
  integrity sha512-zw4SRzoUkd+cl+ZoE15A9o1oQd920Bb0iOJMQkQhl3jNc03YqVjAhG7scf9C5KWRU/R13Orf588uCC6525o02g==
  dependencies:
    d "1"
    es5-ext "^0.10.35"
    es6-symbol "^3.1.1"

es6-symbol@^3.1.1, es6-symbol@^3.1.3:
  version "3.1.4"
  resolved "https://registry.npmjs.org/es6-symbol/-/es6-symbol-3.1.4.tgz"
  integrity sha512-U9bFFjX8tFiATgtkJ1zg25+KviIXpgRvRHS8sau3GfhVzThRQrOeksPeT0BWW2MNZs1OEWJ1DPXOQMn0KKRkvg==
  dependencies:
    d "^1.0.2"
    ext "^1.7.0"

es6-weak-map@^2.0.3:
  version "2.0.3"
  resolved "https://registry.npmjs.org/es6-weak-map/-/es6-weak-map-2.0.3.tgz"
  integrity sha512-p5um32HOTO1kP+w7PRnB+5lQ43Z6muuMuIMffvDN8ZB4GcnjLBV6zGStpbASIMk4DCAvEaamhe2zhyCb/QXXsA==
  dependencies:
    d "1"
    es5-ext "^0.10.46"
    es6-iterator "^2.0.3"
    es6-symbol "^3.1.1"

esniff@^2.0.1:
  version "2.0.1"
  resolved "https://registry.npmjs.org/esniff/-/esniff-2.0.1.tgz"
  integrity sha512-kTUIGKQ/mDPFoJ0oVfcmyJn4iBDRptjNVIzwIFR7tqWXdVI9xfA2RMwY/gbSpJG3lkdWNEjLap/NqVHZiJsdfg==
  dependencies:
    d "^1.0.1"
    es5-ext "^0.10.62"
    event-emitter "^0.3.5"
    type "^2.7.2"

event-emitter@^0.3.5:
  version "0.3.5"
  resolved "https://registry.npmjs.org/event-emitter/-/event-emitter-0.3.5.tgz"
  integrity sha512-D9rRn9y7kLPnJ+hMq7S/nhvoKwwvVJahBi2BPmx3bvbsEdK3W9ii8cBSGjP+72/LnM4n6fo3+dkCX5FeTQruXA==
  dependencies:
    d "1"
    es5-ext "~0.10.14"

events@^3.2.0:
  version "3.3.0"
  resolved "https://registry.npmjs.org/events/-/events-3.3.0.tgz"
  integrity sha512-mQw+2fkQbALzQ7V0MY0IqdnXNOeTtP4r0lN9z7AAawCXgqea7bDii20AYrIBrFd/Hx0M2Ocz6S111CaFkUcb0Q==

ext@^1.7.0:
  version "1.7.0"
  resolved "https://registry.npmjs.org/ext/-/ext-1.7.0.tgz"
  integrity sha512-6hxeJYaL110a9b5TEJSj0gojyHQAmA2ch5Os+ySCiA1QGdS697XWY1pzsrSjqA9LDEEgdB/KypIlR59RcLuHYw==
  dependencies:
    type "^2.7.2"

is-promise@^2.2.2:
  version "2.2.2"
  resolved "https://registry.npmjs.org/is-promise/-/is-promise-2.2.2.tgz"
  integrity sha512-+lP4/6lKUBfQjZ2pdxThZvLUAafmZb8OAxFb8XXtiQmS35INgr85hdOGoEs124ez1FCnZJt6jau/T+alh58QFQ==

jwt-decode@^4.0.0:
  version "4.0.0"
  resolved "https://registry.npmjs.org/jwt-decode/-/jwt-decode-4.0.0.tgz"
  integrity sha512-+KJGIyHgkGuIq3IEBNftfhW/LfWhXUIY6OmyVWjliu5KH1y0fw7VQ8YndE2O4qZdMSd9SqbnC8GOcZEy0Om7sA==

loglevel@^1.7.1:
  version "1.9.1"
  resolved "https://registry.npmjs.org/loglevel/-/loglevel-1.9.1.tgz"
  integrity sha512-hP3I3kCrDIMuRwAwHltphhDM1r8i55H33GgqjXbrisuJhF4kRhW1dNuxsRklp4bXl8DSdLaNLuiL4A/LWRfxvg==

lru-queue@^0.1.0:
  version "0.1.0"
  resolved "https://registry.npmjs.org/lru-queue/-/lru-queue-0.1.0.tgz"
  integrity sha512-BpdYkt9EvGl8OfWHDQPISVpcl5xZthb+XPsbELj5AQXxIC8IriDZIQYjBJPEm5rS420sjZ0TLEzRcq5KdBhYrQ==
  dependencies:
    es5-ext "~0.10.2"

matrix-events-sdk@0.0.1:
  version "0.0.1"
  resolved "https://registry.npmjs.org/matrix-events-sdk/-/matrix-events-sdk-0.0.1.tgz"
  integrity sha512-1QEOsXO+bhyCroIe2/A5OwaxHvBm7EsSQ46DEDn8RBIfQwN5HWBpFvyWWR4QY0KHPPnnJdI99wgRiAl7Ad5qaA==

matrix-js-sdk@^31.6.1:
  version "31.6.1"
  resolved "https://registry.npmjs.org/matrix-js-sdk/-/matrix-js-sdk-31.6.1.tgz"
  integrity sha512-XDSafXV2mrOQvkyZ8i1eDwqmicjLVTkdA2iAw1QsfAZtERz4CAlp1QJULcN1X2WhBx7pMnsN8M/k98LruUqMMQ==
  dependencies:
    "@babel/runtime" "^7.12.5"
    "@matrix-org/matrix-sdk-crypto-wasm" "^4.6.0"
    another-json "^0.2.0"
    bs58 "^5.0.0"
    content-type "^1.0.4"
    jwt-decode "^4.0.0"
    loglevel "^1.7.1"
    matrix-events-sdk "0.0.1"
    matrix-widget-api "^1.6.0"
    oidc-client-ts "^3.0.1"
    p-retry "4"
    sdp-transform "^2.14.1"
    unhomoglyph "^1.0.6"
    uuid "9"

matrix-widget-api@^1.6.0:
  version "1.6.0"
  resolved "https://registry.npmjs.org/matrix-widget-api/-/matrix-widget-api-1.6.0.tgz"
  integrity sha512-VXIJyAZ/WnBmT4C7ePqevgMYGneKMCP/0JuCOqntSsaNlCRHJvwvTxmqUU+ufOpzIF5gYNyIrAjbgrEbK3iqJQ==
  dependencies:
    "@types/events" "^3.0.0"
    events "^3.2.0"

memoizee@^0.4.15:
  version "0.4.15"
  resolved "https://registry.npmjs.org/memoizee/-/memoizee-0.4.15.tgz"
  integrity sha512-UBWmJpLZd5STPm7PMUlOw/TSy972M+z8gcyQ5veOnSDRREz/0bmpyTfKt3/51DhEBqCZQn1udM/5flcSPYhkdQ==
  dependencies:
    d "^1.0.1"
    es5-ext "^0.10.53"
    es6-weak-map "^2.0.3"
    event-emitter "^0.3.5"
    is-promise "^2.2.2"
    lru-queue "^0.1.0"
    next-tick "^1.1.0"
    timers-ext "^0.1.7"

next-tick@^1.1.0, next-tick@1:
  version "1.1.0"
  resolved "https://registry.npmjs.org/next-tick/-/next-tick-1.1.0.tgz"
  integrity sha512-CXdUiJembsNjuToQvxayPZF9Vqht7hewsvy2sOWafLvi2awflj9mOC6bHIg50orX8IJvWKY9wYQ/zB2kogPslQ==

oidc-client-ts@^3.0.1:
  version "3.0.1"
  resolved "https://registry.npmjs.org/oidc-client-ts/-/oidc-client-ts-3.0.1.tgz"
  integrity sha512-xX8unZNtmtw3sOz4FPSqDhkLFnxCDsdo2qhFEH2opgWnF/iXMFoYdBQzkwCxAZVgt3FT3DnuBY3k80EZHT0RYg==
  dependencies:
    jwt-decode "^4.0.0"

p-retry@4:
  version "4.6.2"
  resolved "https://registry.npmjs.org/p-retry/-/p-retry-4.6.2.tgz"
  integrity sha512-312Id396EbJdvRONlngUx0NydfrIQ5lsYu0znKVUzVvArzEIt08V1qhtyESbGVd1FGX7UKtiFp5uwKZdM8wIuQ==
  dependencies:
    "@types/retry" "0.12.0"
    retry "^0.13.1"

regenerator-runtime@^0.14.0:
  version "0.14.1"
  resolved "https://registry.npmjs.org/regenerator-runtime/-/regenerator-runtime-0.14.1.tgz"
  integrity sha512-dYnhHh0nJoMfnkZs6GmmhFknAGRrLznOu5nc9ML+EJxGvrx6H7teuevqVqCuPcPK//3eDrrjQhehXVx9cnkGdw==

retry@^0.13.1:
  version "0.13.1"
  resolved "https://registry.npmjs.org/retry/-/retry-0.13.1.tgz"
  integrity sha512-XQBQ3I8W1Cge0Seh+6gjj03LbmRFWuoszgK9ooCpwYIrhhoO80pfq4cUkU5DkknwfOfFteRwlZ56PYOGYyFWdg==

sdp-transform@^2.14.1:
  version "2.14.2"
  resolved "https://registry.npmjs.org/sdp-transform/-/sdp-transform-2.14.2.tgz"
  integrity sha512-icY6jVao7MfKCieyo1AyxFYm1baiM+fA00qW/KrNNVlkxHAd34riEKuEkUe4bBb3gJwLJZM+xT60Yj1QL8rHiA==

timers-ext@^0.1.7:
  version "0.1.7"
  resolved "https://registry.npmjs.org/timers-ext/-/timers-ext-0.1.7.tgz"
  integrity sha512-b85NUNzTSdodShTIbky6ZF02e8STtVVfD+fu4aXXShEELpozH+bCpJLYMPZbsABN2wDH7fJpqIoXxJpzbf0NqQ==
  dependencies:
    es5-ext "~0.10.46"
    next-tick "1"

type@^2.7.2:
  version "2.7.2"
  resolved "https://registry.npmjs.org/type/-/type-2.7.2.tgz"
  integrity sha512-dzlvlNlt6AXU7EBSfpAscydQ7gXB+pPGsPnfJnZpiNJBDj7IaJzQlBZYGdEi4R9HmPdBv2XmWJ6YUtoTa7lmCw==

unhomoglyph@^1.0.6:
  version "1.0.6"
  resolved "https://registry.npmjs.org/unhomoglyph/-/unhomoglyph-1.0.6.tgz"
  integrity sha512-7uvcWI3hWshSADBu4JpnyYbTVc7YlhF5GDW/oPD5AxIxl34k4wXR3WDkPnzLxkN32LiTCTKMQLtKVZiwki3zGg==

uuid@9:
  version "9.0.1"
  resolved "https://registry.npmjs.org/uuid/-/uuid-9.0.1.tgz"
  integrity sha512-b+1eJOlsR9K8HJpow9Ok3fiWOWSIcIzXodvv0rQjVoOVNpWMpxf1wZNpt4y9h10odCNrqnYp1OBzRktckBe3sA==
